
Microsoft Visual Studio Solution File, Format Version 12.00
# Visual Studio Version 17
VisualStudioVersion = 17.13.35931.197
MinimumVisualStudioVersion = 10.0.40219.1
Project("{FAE04EC0-301F-11D3-BF4B-00C04F79EFBC}") = "Matrix.Domain", "src\Matrix.Domain\Matrix.Domain.csproj", "{C186FC8C-B008-D457-FAE7-BDF66C110964}"
EndProject
Project("{FAE04EC0-301F-11D3-BF4B-00C04F79EFBC}") = "Matrix.App", "src\Matrix.App\Matrix.App.csproj", "{410D3AA3-FF58-B04D-3278-6741BC76A3A0}"
EndProject
Project("{FAE04EC0-301F-11D3-BF4B-00C04F79EFBC}") = "tests", "tests\tests.csproj", "{9CF47860-2CEA-F379-09D8-9AEF27965D12}"
EndProject
Global
	GlobalSection(SolutionConfigurationPlatforms) = preSolution
		Debug|Any CPU = Debug|Any CPU
		Release|Any CPU = Release|Any CPU
	EndGlobalSection
	GlobalSection(ProjectConfigurationPlatforms) = postSolution
		{C186FC8C-B008-D457-FAE7-BDF66C110964}.Debug|Any CPU.ActiveCfg = Debug|Any CPU
		{C186FC8C-B008-D457-FAE7-BDF66C110964}.Debug|Any CPU.Build.0 = Debug|Any CPU
		{C186FC8C-B008-D457-FAE7-BDF66C110964}.Release|Any CPU.ActiveCfg = Release|Any CPU
		{C186FC8C-B008-D457-FAE7-BDF66C110964}.Release|Any CPU.Build.0 = Release|Any CPU
		{410D3AA3-FF58-B04D-3278-6741BC76A3A0}.Debug|Any CPU.ActiveCfg = Debug|Any CPU
		{410D3AA3-FF58-B04D-3278-6741BC76A3A0}.Debug|Any CPU.Build.0 = Debug|Any CPU
		{410D3AA3-FF58-B04D-3278-6741BC76A3A0}.Release|Any CPU.ActiveCfg = Release|Any CPU
		{410D3AA3-FF58-B04D-3278-6741BC76A3A0}.Release|Any CPU.Build.0 = Release|Any CPU
		{9CF47860-2CEA-F379-09D8-9AEF27965D12}.Debug|Any CPU.ActiveCfg = Debug|Any CPU
		{9CF47860-2CEA-F379-09D8-9AEF27965D12}.Debug|Any CPU.Build.0 = Debug|Any CPU
		{9CF47860-2CEA-F379-09D8-9AEF27965D12}.Release|Any CPU.ActiveCfg = Release|Any CPU
		{9CF47860-2CEA-F379-09D8-9AEF27965D12}.Release|Any CPU.Build.0 = Release|Any CPU
	EndGlobalSection
	GlobalSection(SolutionProperties) = preSolution
		HideSolutionNode = FALSE
	EndGlobalSection
	GlobalSection(ExtensibilityGlobals) = postSolution
		SolutionGuid = {CD3D5F4D-1C3E-44D5-BED7-E18742F30AD3}
	EndGlobalSection
EndGlobal
